<?xml version="1.0" encoding="utf-8"?>
<Project ToolsVersion="4.0" xmlns="http://schemas.microsoft.com/developer/msbuild/2003">
  <ItemGroup>
    <Filter Include="Resource Files">
      <UniqueIdentifier>{67DA6AB6-F800-4c08-8B7A-83BB121AAD01}</UniqueIdentifier>
      <Extensions>rc;ico;cur;bmp;dlg;rc2;rct;bin;rgs;gif;jpg;jpeg;jpe;resx;tiff;tif;png;wav;mfcribbon-ms</Extensions>
    </Filter>
    <Filter Include="Math">
      <UniqueIdentifier>{b217dc97-1f88-42f7-ad56-dd51ea827b13}</UniqueIdentifier>
    </Filter>
    <Filter Include="Collision">
      <UniqueIdentifier>{f091c090-9a08-47ba-8c33-4debbbd00e45}</UniqueIdentifier>
    </Filter>
    <Filter Include="Component">
      <UniqueIdentifier>{28f76e6e-0e87-4e9e-884f-0baaada32702}</UniqueIdentifier>
    </Filter>
    <Filter Include="Component\AI">
      <UniqueIdentifier>{f32f1043-3703-414b-9fac-168706e2249d}</UniqueIdentifier>
    </Filter>
    <Filter Include="Component\PhysicsBody">
      <UniqueIdentifier>{e37beb34-838e-4e18-99b6-3ee3f43f8388}</UniqueIdentifier>
    </Filter>
    <Filter Include="Component\Transform">
      <UniqueIdentifier>{80f82db0-5e12-4ac3-8aad-7566da48ea04}</UniqueIdentifier>
    </Filter>
    <Filter Include="Component\LogicComponent">
      <UniqueIdentifier>{497b768f-ce1a-42b5-922c-fb0037a23067}</UniqueIdentifier>
    </Filter>
    <Filter Include="Graphics">
      <UniqueIdentifier>{b850807c-cc0b-4cd6-9f77-e56f58fe6902}</UniqueIdentifier>
    </Filter>
    <Filter Include="ImGui">
      <UniqueIdentifier>{3f077572-cad8-4e9a-866a-4d22716a1e85}</UniqueIdentifier>
    </Filter>
    <Filter Include="Sound">
      <UniqueIdentifier>{2783e5f0-d233-4fcf-89af-f55c962fbe70}</UniqueIdentifier>
    </Filter>
    <Filter Include="EventHandlers">
      <UniqueIdentifier>{a2b3d80c-e830-4c00-8aa7-1f394dd84c59}</UniqueIdentifier>
    </Filter>
    <Filter Include="Systems">
      <UniqueIdentifier>{b32d1c14-c486-4e72-9dba-0bcbc75910fd}</UniqueIdentifier>
    </Filter>
    <Filter Include="Systems\Physics">
      <UniqueIdentifier>{ec90ba20-537f-4747-8218-1b76690bc53b}</UniqueIdentifier>
    </Filter>
    <Filter Include="Systems\ObjectFactory">
      <UniqueIdentifier>{8d445f7d-e253-4a1d-b687-efe5d859aec9}</UniqueIdentifier>
    </Filter>
    <Filter Include="Systems\SystemManager">
      <UniqueIdentifier>{1d2ad8d3-342a-4828-9700-c12cc2d7d416}</UniqueIdentifier>
    </Filter>
    <Filter Include="Serialization">
      <UniqueIdentifier>{1296b66e-fb94-4b8e-871c-0f9533825920}</UniqueIdentifier>
    </Filter>
    <Filter Include="ParticleSystem">
      <UniqueIdentifier>{f311f136-7d3e-4f45-a429-3358322bd0e2}</UniqueIdentifier>
    </Filter>
    <Filter Include="Systems\Input">
      <UniqueIdentifier>{17fba5e7-a209-417f-891b-9e315e959890}</UniqueIdentifier>
    </Filter>
    <Filter Include="Engine">
      <UniqueIdentifier>{5959c380-a160-4886-9a38-721b83772859}</UniqueIdentifier>
    </Filter>
    <Filter Include="Engine\Editor">
      <UniqueIdentifier>{a6d76de0-a11f-4176-b644-97fd47114783}</UniqueIdentifier>
    </Filter>
    <Filter Include="Composition">
      <UniqueIdentifier>{fd1707a7-8e14-49a6-bf3d-91de14c943a2}</UniqueIdentifier>
    </Filter>
    <Filter Include="Engine\Mapping">
      <UniqueIdentifier>{0d55097f-8b1e-4cbf-9c87-57d709e9fd09}</UniqueIdentifier>
    </Filter>
    <Filter Include="Engine\CoordinateSystem">
      <UniqueIdentifier>{12e2adb6-3fde-4fb4-bad4-87e7ded9f991}</UniqueIdentifier>
    </Filter>
    <Filter Include="Engine\Utilities">
      <UniqueIdentifier>{cb435c0f-533f-4bf7-b8f5-70df04bc39d2}</UniqueIdentifier>
    </Filter>
    <Filter Include="Engine\Global">
      <UniqueIdentifier>{c04e3225-868e-4e37-a0f1-c556ba59df33}</UniqueIdentifier>
    </Filter>
    <Filter Include="Systems\AssetManager">
      <UniqueIdentifier>{1033705e-fc34-48f4-b347-5753e4516bcc}</UniqueIdentifier>
    </Filter>
    <Filter Include="Systems\Fonts">
      <UniqueIdentifier>{d8c3b620-4d25-47bc-9b39-502a121f2bed}</UniqueIdentifier>
    </Filter>
    <Filter Include="Systems\Logic">
      <UniqueIdentifier>{68e4998f-2d6d-4e0b-becc-d8681d46f2c2}</UniqueIdentifier>
    </Filter>
    <Filter Include="Message">
      <UniqueIdentifier>{42e61a1f-2d95-49db-b283-60b550577bab}</UniqueIdentifier>
    </Filter>
    <Filter Include="Scripts">
      <UniqueIdentifier>{e11bcda0-fda8-41f4-8db4-69d11785ce7f}</UniqueIdentifier>
    </Filter>
    <Filter Include="Scenes">
      <UniqueIdentifier>{239246d4-7ca6-4752-ac90-7f3d3980f498}</UniqueIdentifier>
    </Filter>
  </ItemGroup>
  <ItemGroup>
    <ClCompile Include="Source\GameStateManager.cpp">
      <Filter>EventHandlers</Filter>
    </ClCompile>
    <ClCompile Include="Source\OpenGLApplication.cpp">
      <Filter>Graphics</Filter>
    </ClCompile>
    <ClCompile Include="Source\OpenGLObjects.cpp">
      <Filter>Graphics</Filter>
    </ClCompile>
    <ClCompile Include="Source\OpenGLShaders.cpp">
      <Filter>Graphics</Filter>
    </ClCompile>
    <ClCompile Include="..\lib\imgui-docking\backends\imgui_impl_glfw.cpp">
      <Filter>ImGui</Filter>
    </ClCompile>
    <ClCompile Include="..\lib\imgui-docking\backends\imgui_impl_opengl3.cpp">
      <Filter>ImGui</Filter>
    </ClCompile>
    <ClCompile Include="..\lib\imgui-docking\imgui.cpp">
      <Filter>ImGui</Filter>
    </ClCompile>
    <ClCompile Include="..\lib\imgui-docking\imgui_draw.cpp">
      <Filter>ImGui</Filter>
    </ClCompile>
    <ClCompile Include="..\lib\imgui-docking\imgui_tables.cpp">
      <Filter>ImGui</Filter>
    </ClCompile>
    <ClCompile Include="..\lib\imgui-docking\imgui_widgets.cpp">
      <Filter>ImGui</Filter>
    </ClCompile>
    <ClCompile Include="Source\Collision.cpp">
      <Filter>Collision</Filter>
    </ClCompile>
    <ClCompile Include="Source\AI.cpp">
      <Filter>Component\AI</Filter>
    </ClCompile>
    <ClCompile Include="Source\PhysicsBody.cpp">
      <Filter>Component\PhysicsBody</Filter>
    </ClCompile>
    <ClCompile Include="Source\Transform.cpp">
      <Filter>Component\Transform</Filter>
    </ClCompile>
    <ClCompile Include="Source\Sound.cpp">
      <Filter>Sound</Filter>
    </ClCompile>
    <ClCompile Include="Source\Matrix3x3.cpp">
      <Filter>Math</Filter>
    </ClCompile>
    <ClCompile Include="Source\Vector2D.cpp">
      <Filter>Math</Filter>
    </ClCompile>
    <ClCompile Include="Source\Physics.cpp">
      <Filter>Systems\Physics</Filter>
    </ClCompile>
    <ClCompile Include="Source\ObjectFactory.cpp">
      <Filter>Systems\ObjectFactory</Filter>
    </ClCompile>
    <ClCompile Include="Source\SystemManager.cpp">
      <Filter>Systems\SystemManager</Filter>
    </ClCompile>
    <ClCompile Include="Source\JsonSerializer.cpp">
      <Filter>Serialization</Filter>
    </ClCompile>
    <ClCompile Include="Source\ParticleSystem.cpp">
      <Filter>ParticleSystem</Filter>
    </ClCompile>
    <ClCompile Include="Source\Input.cpp">
      <Filter>Systems\Input</Filter>
    </ClCompile>
    <ClCompile Include="Source\Editor.cpp">
      <Filter>Engine\Editor</Filter>
    </ClCompile>
    <ClCompile Include="Source\GameObject.cpp">
      <Filter>Composition</Filter>
    </ClCompile>
    <ClCompile Include="Source\main.cpp">
      <Filter>Engine</Filter>
    </ClCompile>
    <ClCompile Include="Source\Mapping.cpp">
      <Filter>Engine\Mapping</Filter>
    </ClCompile>
    <ClCompile Include="Source\CoordinateSystem.cpp">
      <Filter>Engine\CoordinateSystem</Filter>
    </ClCompile>
    <ClCompile Include="Source\RandomUtilities.cpp">
      <Filter>Engine\Utilities</Filter>
    </ClCompile>
    <ClCompile Include="Source\Global.cpp">
      <Filter>Engine\Global</Filter>
    </ClCompile>
    <ClCompile Include="Source\AssetManager.cpp">
      <Filter>Systems\AssetManager</Filter>
    </ClCompile>
    <ClCompile Include="..\lib\imgui-docking\implot.cpp">
      <Filter>ImGui</Filter>
    </ClCompile>
    <ClCompile Include="..\lib\imgui-docking\implot_items.cpp">
      <Filter>ImGui</Filter>
    </ClCompile>
    <ClCompile Include="Source\Background.cpp">
      <Filter>Graphics</Filter>
    </ClCompile>
    <ClCompile Include="Source\Logic.cpp">
      <Filter>Systems\Logic</Filter>
    </ClCompile>
    <ClCompile Include="Source\LogicComponent.cpp">
      <Filter>Component\LogicComponent</Filter>
    </ClCompile>
    <ClCompile Include="Source\TransformSystem.cpp">
      <Filter>Systems</Filter>
    </ClCompile>
    <ClCompile Include="Source\SceneManager.cpp">
      <Filter>Systems</Filter>
    </ClCompile>
    <ClCompile Include="Source\Scene1.cpp">
      <Filter>Scenes</Filter>
    </ClCompile>
    <ClCompile Include="Source\Scene2.cpp">
      <Filter>Scenes</Filter>
    </ClCompile>
    <ClCompile Include="Source\Animation.cpp">
      <Filter>Graphics</Filter>
    </ClCompile>
    <ClCompile Include="Source\FontManager.cpp">
      <Filter>Systems\Fonts</Filter>
    </ClCompile>
    <ClCompile Include="Source\Collider.cpp">
      <Filter>Component</Filter>
    </ClCompile>
  </ItemGroup>
  <ItemGroup>
    <ClInclude Include="Include\Matrix3x3.h">
      <Filter>Math</Filter>
    </ClInclude>
    <ClInclude Include="Include\Vector2D.h">
      <Filter>Math</Filter>
    </ClInclude>
    <ClInclude Include="Include\Collision.h">
      <Filter>Collision</Filter>
    </ClInclude>
    <ClInclude Include="Include\ComponentFactory.h">
      <Filter>Component</Filter>
    </ClInclude>
    <ClInclude Include="Include\AI.h">
      <Filter>Component\AI</Filter>
    </ClInclude>
    <ClInclude Include="Include\PhysicsBody.h">
      <Filter>Component\PhysicsBody</Filter>
    </ClInclude>
    <ClInclude Include="Include\Transform.h">
      <Filter>Component\Transform</Filter>
    </ClInclude>
    <ClInclude Include="Include\IComponent.h">
      <Filter>Component</Filter>
    </ClInclude>
    <ClInclude Include="Include\ComponentType.h">
      <Filter>Component</Filter>
    </ClInclude>
    <ClInclude Include="Include\OpenGLApplication.h">
      <Filter>Graphics</Filter>
    </ClInclude>
    <ClInclude Include="Include\OpenGLObjects.h">
      <Filter>Graphics</Filter>
    </ClInclude>
    <ClInclude Include="Include\OpenGLShaders.h">
      <Filter>Graphics</Filter>
    </ClInclude>
    <ClInclude Include="Include\Sound.h">
      <Filter>Sound</Filter>
    </ClInclude>
    <ClInclude Include="Include\GameStateManager.h">
      <Filter>EventHandlers</Filter>
    </ClInclude>
    <ClInclude Include="Include\ISystem.h">
      <Filter>Systems</Filter>
    </ClInclude>
    <ClInclude Include="Include\Physics.h">
      <Filter>Systems\Physics</Filter>
    </ClInclude>
    <ClInclude Include="Include\ObjectFactory.h">
      <Filter>Systems\ObjectFactory</Filter>
    </ClInclude>
    <ClInclude Include="Include\PhysicsHeaders.h">
      <Filter>Systems\Physics</Filter>
    </ClInclude>
    <ClInclude Include="Include\SystemManager.h">
      <Filter>Systems\SystemManager</Filter>
    </ClInclude>
    <ClInclude Include="Include\JsonSerializer.h">
      <Filter>Serialization</Filter>
    </ClInclude>
    <ClInclude Include="Include\ParticleSystem.h">
      <Filter>ParticleSystem</Filter>
    </ClInclude>
    <ClInclude Include="Include\Input.h">
      <Filter>Systems\Input</Filter>
    </ClInclude>
    <ClInclude Include="Include\Editor.h">
      <Filter>Engine\Editor</Filter>
    </ClInclude>
    <ClInclude Include="Include\GameObject.h">
      <Filter>Composition</Filter>
    </ClInclude>
    <ClInclude Include="Include\Mapping.h">
      <Filter>Engine\Mapping</Filter>
    </ClInclude>
    <ClInclude Include="Include\CoordinateSystem.h">
      <Filter>Engine\CoordinateSystem</Filter>
    </ClInclude>
    <ClInclude Include="Include\RandomUtilities.h">
      <Filter>Engine\Utilities</Filter>
    </ClInclude>
    <ClInclude Include="Include\Global.h">
      <Filter>Engine\Global</Filter>
    </ClInclude>
    <ClInclude Include="Include\AssetManager.h">
      <Filter>Systems\AssetManager</Filter>
    </ClInclude>
    <ClInclude Include="..\lib\stb-master\stb_image.h">
      <Filter>Graphics</Filter>
    </ClInclude>
    <ClInclude Include="Include\Background.h">
      <Filter>Graphics</Filter>
    </ClInclude>
    <ClInclude Include="Include\Logic.h">
      <Filter>Systems\Logic</Filter>
    </ClInclude>
    <ClInclude Include="Include\LogicComponent.h">
      <Filter>Component\LogicComponent</Filter>
    </ClInclude>
    <ClInclude Include="Include\IScript.h">
      <Filter>Scripts</Filter>
    </ClInclude>
    <ClInclude Include="Include\TestScript.h">
      <Filter>Scripts</Filter>
    </ClInclude>
    <ClInclude Include="Include\EnemyAIScript.h">
      <Filter>Scripts</Filter>
    </ClInclude>
    <ClInclude Include="Include\TransformSystem.h">
      <Filter>Systems</Filter>
    </ClInclude>
    <ClInclude Include="Include\SceneManager.h">
      <Filter>Systems</Filter>
    </ClInclude>
    <ClInclude Include="Include\IScene.h">
      <Filter>Scenes</Filter>
    </ClInclude>
    <ClInclude Include="Include\Scene1.h">
      <Filter>Scenes</Filter>
    </ClInclude>
    <ClInclude Include="Include\Scene2.h">
      <Filter>Scenes</Filter>
    </ClInclude>
    <ClInclude Include="Include\IMessage.h">
      <Filter>Message</Filter>
    </ClInclude>
    <ClInclude Include="Include\Animation.h">
      <Filter>Graphics</Filter>
    </ClInclude>
    <ClInclude Include="Include\FontManager.h">
      <Filter>Systems\Fonts</Filter>
    </ClInclude>
    <ClInclude Include="Include\Collider.h">
      <Filter>Component</Filter>
    </ClInclude>
  </ItemGroup>
</Project>